
Microsoft Visual Studio Solution File, Format Version 12.00
# Visual Studio 15
VisualStudioVersion = 15.0.28307.539
MinimumVisualStudioVersion = 10.0.40219.1
Project("{FAE04EC0-301F-11D3-BF4B-00C04F79EFBC}") = "PPDotNetDemo", "PPDotNetDemo\PPDotNetDemo.csproj", "{4544ACF3-4691-4B4A-BDDB-5DDCC27086FC}"
EndProject
Global
	GlobalSection(SolutionConfigurationPlatforms) = preSolution
		Debug|Any CPU = Debug|Any CPU
		Release|Any CPU = Release|Any CPU
	EndGlobalSection
	GlobalSection(ProjectConfigurationPlatforms) = postSolution
		{4544ACF3-4691-4B4A-BDDB-5DDCC27086FC}.Debug|Any CPU.ActiveCfg = Debug|Any CPU
		{4544ACF3-4691-4B4A-BDDB-5DDCC27086FC}.Debug|Any CPU.Build.0 = Debug|Any CPU
		{4544ACF3-4691-4B4A-BDDB-5DDCC27086FC}.Release|Any CPU.ActiveCfg = Release|Any CPU
		{4544ACF3-4691-4B4A-BDDB-5DDCC27086FC}.Release|Any CPU.Build.0 = Release|Any CPU
	EndGlobalSection
	GlobalSection(SolutionProperties) = preSolution
		HideSolutionNode = FALSE
	EndGlobalSection
	GlobalSection(ExtensibilityGlobals) = postSolution
		SolutionGuid = {7FA17BFE-024E-424B-ADFD-DD4FF2BD7975}
	EndGlobalSection
EndGlobal
